github.com/roidaradal/fn v0.5.31 h1:FLC/03YVrvafR0DRpMMiRCGt4k14Mu/XutBosLiBSh0=
github.com/roidaradal/fn v0.5.31/go.mod h1:Y+2FebaYWVSGHVuUcM294iJZg8huYmJLOo22vfLzF9E=
github.com/roidaradal/fn v0.5.32 h1:PrVndhR1od+2M1dhAhheH8qbPKQW0XSIBP4AKrKbQuE=
github.com/roidaradal/fn v0.5.32/go.mod h1:Y+2FebaYWVSGHVuUcM294iJZg8huYmJLOo22vfLzF9E=
github.com/roidaradal/fn v0.5.40 h1:zAlDNtR+/9wD14T2Vrv1HX4a75gTFgOKJTERUKXGLzY=
github.com/roidaradal/fn v0.5.40/go.mod h1:Y+2FebaYWVSGHVuUcM294iJZg8huYmJLOo22vfLzF9E=
github.com/roidaradal/fn v0.5.42 h1:4AUb1p9OtsUm39yA9Y0SXKrq4qyBCsHE3vBj3UxlRL4=
github.com/roidaradal/fn v0.5.42/go.mod h1:Y+2FebaYWVSGHVuUcM294iJZg8huYmJLOo22vfLzF9E=
github.com/roidaradal/fn v0.5.46 h1:h9fUOJvjVlVp6WG5Fxn7qJK0+sW8A3Go+um9gc6YQC8=
github.com/roidaradal/fn v0.5.46/go.mod h1:Y+2FebaYWVSGHVuUcM294iJZg8huYmJLOo22vfLzF9E=
github.com/roidaradal/fn v0.5.49 h1:XeJXYdVxcLEwgJeqixWsfW28ccvswHoH9D+JVjtGKdM=
github.com/roidaradal/fn v0.5.49/go.mod h1:6C/4KgPWH0ifkguY+z0Pz9mzf64wk308H+jAkQhlLfg=
github.com/roidaradal/fn v0.5.50 h1:WgdPbXpEdJ+g4SaPtXq7f3eplmEw3hybTy9wgOZy724=
github.com/roidaradal/fn v0.5.50/go.mod h1:6C/4KgPWH0ifkguY+z0Pz9mzf64wk308H+jAkQhlLfg=
github.com/roidaradal/nlp v0.1.2 h1:52JX2U5Pex3TW/BUkwN3SIpWS/XmXUf9VCdJdB4muO8=
github.com/roidaradal/nlp v0.1.2/go.mod h1:JBrqDNGZcuHLbzWT0knnnPPwqnVW/yB7IMuthuVky78=
github.com/roidaradal/nlp v0.1.3 h1:2SIrmkfG28DknAM8e7bnScXNB/MzIwUdsp7IyTY8Cu8=
github.com/roidaradal/nlp v0.1.3/go.mod h1:JBrqDNGZcuHLbzWT0knnnPPwqnVW/yB7IMuthuVky78=
github.com/roidaradal/nlp v0.1.4 h1:jZw8vIyLpW3dmO1PFVPEAvR2vzYqdhD/kLnJppL11aw=
github.com/roidaradal/nlp v0.1.4/go.mod h1:JBrqDNGZcuHLbzWT0knnnPPwqnVW/yB7IMuthuVky78=
github.com/roidaradal/nlp v0.1.5 h1:jSQ26Hf4sX8pfRSoU3Jzc2rh5szq0hClCPguOCoOS5M=
github.com/roidaradal/nlp v0.1.5/go.mod h1:KZWL49D0sAMoN+CLVlvVkRv3nKAjlcx23AqAYF6s+TE=
golang.org/x/text v0.31.0 h1:aC8ghyu4JhP8VojJ2lEHBnochRno1sgL6nEi9WGFGMM=
golang.org/x/text v0.31.0/go.mod h1:tKRAlv61yKIjGGHX/4tP1LTbc13YSec1pxVEWXzfoeM=
