github.com/roidaradal/fn v0.5.29 h1:M8rrURxm/6JNTwByw0DhiIVyr6jmL/07TSYmXNYHdYc=
github.com/roidaradal/fn v0.5.29/go.mod h1:Y+2FebaYWVSGHVuUcM294iJZg8huYmJLOo22vfLzF9E=
github.com/roidaradal/fn v0.5.31 h1:FLC/03YVrvafR0DRpMMiRCGt4k14Mu/XutBosLiBSh0=
github.com/roidaradal/fn v0.5.31/go.mod h1:Y+2FebaYWVSGHVuUcM294iJZg8huYmJLOo22vfLzF9E=
