github.com/roidaradal/fn v0.5.31 h1:FLC/03YVrvafR0DRpMMiRCGt4k14Mu/XutBosLiBSh0=
github.com/roidaradal/fn v0.5.31/go.mod h1:Y+2FebaYWVSGHVuUcM294iJZg8huYmJLOo22vfLzF9E=
github.com/roidaradal/fn v0.5.32 h1:PrVndhR1od+2M1dhAhheH8qbPKQW0XSIBP4AKrKbQuE=
github.com/roidaradal/fn v0.5.32/go.mod h1:Y+2FebaYWVSGHVuUcM294iJZg8huYmJLOo22vfLzF9E=
golang.org/x/text v0.31.0 h1:aC8ghyu4JhP8VojJ2lEHBnochRno1sgL6nEi9WGFGMM=
golang.org/x/text v0.31.0/go.mod h1:tKRAlv61yKIjGGHX/4tP1LTbc13YSec1pxVEWXzfoeM=
